
Microsoft Visual Studio Solution File, Format Version 12.00
# Visual Studio Version 17
VisualStudioVersion = 17.11.35327.3
MinimumVisualStudioVersion = 10.0.40219.1
Project("{9A19103F-16F7-4668-BE54-9A1E7A4F7556}") = "RateLimitValidator.API", "RateLimitValidator.API\RateLimitValidator.API.csproj", "{E21171AE-7CB7-4447-B25D-77AAF839CD11}"
EndProject
Project("{9A19103F-16F7-4668-BE54-9A1E7A4F7556}") = "RateLimitValidator.Domain", "RateLimitValidator.Domain\RateLimitValidator.Domain.csproj", "{BE984941-7348-4B6A-9B9B-913942F28902}"
EndProject
Project("{9A19103F-16F7-4668-BE54-9A1E7A4F7556}") = "RateLimitValidator.Application", "RateLimitValidator.Application\RateLimitValidator.Application.csproj", "{7BC7E01F-791B-4F0D-B711-68BDFC65DE25}"
EndProject
Project("{9A19103F-16F7-4668-BE54-9A1E7A4F7556}") = "RateLimitValidator.Infrastructure", "RateLimitValidator.Infrastructure\RateLimitValidator.Infrastructure.csproj", "{E826CF3B-3BFB-4CE4-A67C-AAFCDD93D6F8}"
EndProject
Project("{FAE04EC0-301F-11D3-BF4B-00C04F79EFBC}") = "RateLimitValidator.Test", "RateLimitValidator.Test\RateLimitValidator.Test.csproj", "{501006D4-E1FB-4786-B0B7-6507D2BFC963}"
EndProject
Global
	GlobalSection(SolutionConfigurationPlatforms) = preSolution
		Debug|Any CPU = Debug|Any CPU
		Release|Any CPU = Release|Any CPU
	EndGlobalSection
	GlobalSection(ProjectConfigurationPlatforms) = postSolution
		{E21171AE-7CB7-4447-B25D-77AAF839CD11}.Debug|Any CPU.ActiveCfg = Debug|Any CPU
		{E21171AE-7CB7-4447-B25D-77AAF839CD11}.Debug|Any CPU.Build.0 = Debug|Any CPU
		{E21171AE-7CB7-4447-B25D-77AAF839CD11}.Release|Any CPU.ActiveCfg = Release|Any CPU
		{E21171AE-7CB7-4447-B25D-77AAF839CD11}.Release|Any CPU.Build.0 = Release|Any CPU
		{BE984941-7348-4B6A-9B9B-913942F28902}.Debug|Any CPU.ActiveCfg = Debug|Any CPU
		{BE984941-7348-4B6A-9B9B-913942F28902}.Debug|Any CPU.Build.0 = Debug|Any CPU
		{BE984941-7348-4B6A-9B9B-913942F28902}.Release|Any CPU.ActiveCfg = Release|Any CPU
		{BE984941-7348-4B6A-9B9B-913942F28902}.Release|Any CPU.Build.0 = Release|Any CPU
		{7BC7E01F-791B-4F0D-B711-68BDFC65DE25}.Debug|Any CPU.ActiveCfg = Debug|Any CPU
		{7BC7E01F-791B-4F0D-B711-68BDFC65DE25}.Debug|Any CPU.Build.0 = Debug|Any CPU
		{7BC7E01F-791B-4F0D-B711-68BDFC65DE25}.Release|Any CPU.ActiveCfg = Release|Any CPU
		{7BC7E01F-791B-4F0D-B711-68BDFC65DE25}.Release|Any CPU.Build.0 = Release|Any CPU
		{E826CF3B-3BFB-4CE4-A67C-AAFCDD93D6F8}.Debug|Any CPU.ActiveCfg = Debug|Any CPU
		{E826CF3B-3BFB-4CE4-A67C-AAFCDD93D6F8}.Debug|Any CPU.Build.0 = Debug|Any CPU
		{E826CF3B-3BFB-4CE4-A67C-AAFCDD93D6F8}.Release|Any CPU.ActiveCfg = Release|Any CPU
		{E826CF3B-3BFB-4CE4-A67C-AAFCDD93D6F8}.Release|Any CPU.Build.0 = Release|Any CPU
		{501006D4-E1FB-4786-B0B7-6507D2BFC963}.Debug|Any CPU.ActiveCfg = Debug|Any CPU
		{501006D4-E1FB-4786-B0B7-6507D2BFC963}.Debug|Any CPU.Build.0 = Debug|Any CPU
		{501006D4-E1FB-4786-B0B7-6507D2BFC963}.Release|Any CPU.ActiveCfg = Release|Any CPU
		{501006D4-E1FB-4786-B0B7-6507D2BFC963}.Release|Any CPU.Build.0 = Release|Any CPU
	EndGlobalSection
	GlobalSection(SolutionProperties) = preSolution
		HideSolutionNode = FALSE
	EndGlobalSection
	GlobalSection(ExtensibilityGlobals) = postSolution
		SolutionGuid = {95983C6B-444B-43AD-8A98-842808523AD2}
	EndGlobalSection
EndGlobal
